
Microsoft Visual Studio Solution File, Format Version 12.00
# Visual Studio 15
VisualStudioVersion = 15.0.28307.572
MinimumVisualStudioVersion = 10.0.40219.1
Project("{8BC9CEB8-8B4A-11D0-8D11-00A0C91BC942}") = "NSutils", "NSutils.vcxproj", "{FA391322-C61F-4CC4-A421-43210C3D5342}"
EndProject
Global
	GlobalSection(SolutionConfigurationPlatforms) = preSolution
		Debug-x86-ansi|Win32 = Debug-x86-ansi|Win32
		Debug-x86-unicode|Win32 = Debug-x86-unicode|Win32
		Release-x86-ansi|Win32 = Release-x86-ansi|Win32
		Release-x86-unicode|Win32 = Release-x86-unicode|Win32
	EndGlobalSection
	GlobalSection(ProjectConfigurationPlatforms) = postSolution
		{FA391322-C61F-4CC4-A421-43210C3D5342}.Debug-x86-ansi|Win32.ActiveCfg = Debug-x86-ansi|Win32
		{FA391322-C61F-4CC4-A421-43210C3D5342}.Debug-x86-ansi|Win32.Build.0 = Debug-x86-ansi|Win32
		{FA391322-C61F-4CC4-A421-43210C3D5342}.Debug-x86-unicode|Win32.ActiveCfg = Debug-x86-unicode|Win32
		{FA391322-C61F-4CC4-A421-43210C3D5342}.Debug-x86-unicode|Win32.Build.0 = Debug-x86-unicode|Win32
		{FA391322-C61F-4CC4-A421-43210C3D5342}.Release-x86-ansi|Win32.ActiveCfg = Release-x86-ansi|Win32
		{FA391322-C61F-4CC4-A421-43210C3D5342}.Release-x86-ansi|Win32.Build.0 = Release-x86-ansi|Win32
		{FA391322-C61F-4CC4-A421-43210C3D5342}.Release-x86-unicode|Win32.ActiveCfg = Release-x86-unicode|Win32
		{FA391322-C61F-4CC4-A421-43210C3D5342}.Release-x86-unicode|Win32.Build.0 = Release-x86-unicode|Win32
	EndGlobalSection
	GlobalSection(SolutionProperties) = preSolution
		HideSolutionNode = FALSE
	EndGlobalSection
	GlobalSection(ExtensibilityGlobals) = postSolution
		SolutionGuid = {5279855D-6D2D-4255-ADB9-035EF6D2E4B6}
	EndGlobalSection
EndGlobal
